
Microsoft Visual Studio Solution File, Format Version 12.00
# Visual Studio Version 17
VisualStudioVersion = 17.8.34330.188
MinimumVisualStudioVersion = 10.0.40219.1
Project("{FAE04EC0-301F-11D3-BF4B-00C04F79EFBC}") = "ResultManagement", "ResultManagement\ResultManagement.csproj", "{35BE88F2-E637-403C-B2AE-275842222E61}"
EndProject
Global
	GlobalSection(SolutionConfigurationPlatforms) = preSolution
		Debug|Any CPU = Debug|Any CPU
		Release|Any CPU = Release|Any CPU
	EndGlobalSection
	GlobalSection(ProjectConfigurationPlatforms) = postSolution
		{35BE88F2-E637-403C-B2AE-275842222E61}.Debug|Any CPU.ActiveCfg = Debug|Any CPU
		{35BE88F2-E637-403C-B2AE-275842222E61}.Debug|Any CPU.Build.0 = Debug|Any CPU
		{35BE88F2-E637-403C-B2AE-275842222E61}.Release|Any CPU.ActiveCfg = Release|Any CPU
		{35BE88F2-E637-403C-B2AE-275842222E61}.Release|Any CPU.Build.0 = Release|Any CPU
	EndGlobalSection
	GlobalSection(SolutionProperties) = preSolution
		HideSolutionNode = FALSE
	EndGlobalSection
	GlobalSection(ExtensibilityGlobals) = postSolution
		SolutionGuid = {425466E1-4306-4FCC-83BC-CB2A61979B2C}
	EndGlobalSection
EndGlobal
